
Microsoft Visual Studio Solution File, Format Version 12.00
# Visual Studio Version 17
VisualStudioVersion = 17.6.33815.320
MinimumVisualStudioVersion = 10.0.40219.1
Project("{FAE04EC0-301F-11D3-BF4B-00C04F79EFBC}") = "MVCClinicaMedica", "MVCClinicaMedica\MVCClinicaMedica.csproj", "{3C262791-DF60-48DD-99AC-04CA9C725962}"
EndProject
Global
	GlobalSection(SolutionConfigurationPlatforms) = preSolution
		Debug|Any CPU = Debug|Any CPU
		Release|Any CPU = Release|Any CPU
	EndGlobalSection
	GlobalSection(ProjectConfigurationPlatforms) = postSolution
		{3C262791-DF60-48DD-99AC-04CA9C725962}.Debug|Any CPU.ActiveCfg = Debug|Any CPU
		{3C262791-DF60-48DD-99AC-04CA9C725962}.Debug|Any CPU.Build.0 = Debug|Any CPU
		{3C262791-DF60-48DD-99AC-04CA9C725962}.Release|Any CPU.ActiveCfg = Release|Any CPU
		{3C262791-DF60-48DD-99AC-04CA9C725962}.Release|Any CPU.Build.0 = Release|Any CPU
	EndGlobalSection
	GlobalSection(SolutionProperties) = preSolution
		HideSolutionNode = FALSE
	EndGlobalSection
	GlobalSection(ExtensibilityGlobals) = postSolution
		SolutionGuid = {3CA9B875-1A9B-4316-B8B7-8F0CC5830CFE}
	EndGlobalSection
EndGlobal
